
Microsoft Visual Studio Solution File, Format Version 12.00
# Visual Studio Version 16
VisualStudioVersion = 16.0.28315.86
MinimumVisualStudioVersion = 10.0.40219.1
Project("{8BC9CEB8-8B4A-11D0-8D11-00A0C91BC942}") = "WindowSplit", "WindowSplit\WindowSplit.vcxproj", "{0FA69528-D036-41E3-8138-427E21E8CF53}"
EndProject
Project("{8BC9CEB8-8B4A-11D0-8D11-00A0C91BC942}") = "Service", "Service\Service.vcxproj", "{B44244E6-9DC8-4D8F-B25C-CC95F80C9992}"
EndProject
Project("{FAE04EC0-301F-11D3-BF4B-00C04F79EFBC}") = "Config", "Config\Config.csproj", "{2264CC0E-D72B-456B-B5B9-894691D38F0B}"
EndProject
Global
	GlobalSection(SolutionConfigurationPlatforms) = preSolution
		Debug|Any CPU = Debug|Any CPU
		Debug|x64 = Debug|x64
		Debug|x86 = Debug|x86
		Release|Any CPU = Release|Any CPU
		Release|x64 = Release|x64
		Release|x86 = Release|x86
	EndGlobalSection
	GlobalSection(ProjectConfigurationPlatforms) = postSolution
		{0FA69528-D036-41E3-8138-427E21E8CF53}.Debug|Any CPU.ActiveCfg = Debug|Win32
		{0FA69528-D036-41E3-8138-427E21E8CF53}.Debug|x64.ActiveCfg = Debug|x64
		{0FA69528-D036-41E3-8138-427E21E8CF53}.Debug|x64.Build.0 = Debug|x64
		{0FA69528-D036-41E3-8138-427E21E8CF53}.Debug|x86.ActiveCfg = Debug|Win32
		{0FA69528-D036-41E3-8138-427E21E8CF53}.Debug|x86.Build.0 = Debug|Win32
		{0FA69528-D036-41E3-8138-427E21E8CF53}.Release|Any CPU.ActiveCfg = Release|Win32
		{0FA69528-D036-41E3-8138-427E21E8CF53}.Release|x64.ActiveCfg = Release|x64
		{0FA69528-D036-41E3-8138-427E21E8CF53}.Release|x64.Build.0 = Release|x64
		{0FA69528-D036-41E3-8138-427E21E8CF53}.Release|x86.ActiveCfg = Release|Win32
		{0FA69528-D036-41E3-8138-427E21E8CF53}.Release|x86.Build.0 = Release|Win32
		{B44244E6-9DC8-4D8F-B25C-CC95F80C9992}.Debug|Any CPU.ActiveCfg = Debug|Win32
		{B44244E6-9DC8-4D8F-B25C-CC95F80C9992}.Debug|x64.ActiveCfg = Debug|x64
		{B44244E6-9DC8-4D8F-B25C-CC95F80C9992}.Debug|x64.Build.0 = Debug|x64
		{B44244E6-9DC8-4D8F-B25C-CC95F80C9992}.Debug|x86.ActiveCfg = Debug|Win32
		{B44244E6-9DC8-4D8F-B25C-CC95F80C9992}.Debug|x86.Build.0 = Debug|Win32
		{B44244E6-9DC8-4D8F-B25C-CC95F80C9992}.Release|Any CPU.ActiveCfg = Release|Win32
		{B44244E6-9DC8-4D8F-B25C-CC95F80C9992}.Release|x64.ActiveCfg = Release|x64
		{B44244E6-9DC8-4D8F-B25C-CC95F80C9992}.Release|x64.Build.0 = Release|x64
		{B44244E6-9DC8-4D8F-B25C-CC95F80C9992}.Release|x86.ActiveCfg = Release|Win32
		{B44244E6-9DC8-4D8F-B25C-CC95F80C9992}.Release|x86.Build.0 = Release|Win32
		{2264CC0E-D72B-456B-B5B9-894691D38F0B}.Debug|Any CPU.ActiveCfg = Debug|Any CPU
		{2264CC0E-D72B-456B-B5B9-894691D38F0B}.Debug|Any CPU.Build.0 = Debug|Any CPU
		{2264CC0E-D72B-456B-B5B9-894691D38F0B}.Debug|x64.ActiveCfg = Debug|Any CPU
		{2264CC0E-D72B-456B-B5B9-894691D38F0B}.Debug|x64.Build.0 = Debug|Any CPU
		{2264CC0E-D72B-456B-B5B9-894691D38F0B}.Debug|x86.ActiveCfg = Debug|Any CPU
		{2264CC0E-D72B-456B-B5B9-894691D38F0B}.Debug|x86.Build.0 = Debug|Any CPU
		{2264CC0E-D72B-456B-B5B9-894691D38F0B}.Release|Any CPU.ActiveCfg = Release|Any CPU
		{2264CC0E-D72B-456B-B5B9-894691D38F0B}.Release|Any CPU.Build.0 = Release|Any CPU
		{2264CC0E-D72B-456B-B5B9-894691D38F0B}.Release|x64.ActiveCfg = Release|Any CPU
		{2264CC0E-D72B-456B-B5B9-894691D38F0B}.Release|x64.Build.0 = Release|Any CPU
		{2264CC0E-D72B-456B-B5B9-894691D38F0B}.Release|x86.ActiveCfg = Release|Any CPU
		{2264CC0E-D72B-456B-B5B9-894691D38F0B}.Release|x86.Build.0 = Release|Any CPU
	EndGlobalSection
	GlobalSection(SolutionProperties) = preSolution
		HideSolutionNode = FALSE
	EndGlobalSection
	GlobalSection(ExtensibilityGlobals) = postSolution
		SolutionGuid = {F8E98465-31BC-464B-88DB-46F329DEF650}
	EndGlobalSection
EndGlobal
